
Microsoft Visual Studio Solution File, Format Version 12.00
# Visual Studio 15
VisualStudioVersion = 15.0.28307.852
MinimumVisualStudioVersion = 10.0.40219.1
Project("{8BC9CEB8-8B4A-11D0-8D11-00A0C91BC942}") = "17.12.8", "17.12.8\17.12.8.vcxproj", "{5D1388DF-6DF3-4FD5-9391-0336F468F308}"
EndProject
Global
	GlobalSection(SolutionConfigurationPlatforms) = preSolution
		Debug|x64 = Debug|x64
		Debug|x86 = Debug|x86
		Release|x64 = Release|x64
		Release|x86 = Release|x86
	EndGlobalSection
	GlobalSection(ProjectConfigurationPlatforms) = postSolution
		{5D1388DF-6DF3-4FD5-9391-0336F468F308}.Debug|x64.ActiveCfg = Debug|x64
		{5D1388DF-6DF3-4FD5-9391-0336F468F308}.Debug|x64.Build.0 = Debug|x64
		{5D1388DF-6DF3-4FD5-9391-0336F468F308}.Debug|x86.ActiveCfg = Debug|Win32
		{5D1388DF-6DF3-4FD5-9391-0336F468F308}.Debug|x86.Build.0 = Debug|Win32
		{5D1388DF-6DF3-4FD5-9391-0336F468F308}.Release|x64.ActiveCfg = Release|x64
		{5D1388DF-6DF3-4FD5-9391-0336F468F308}.Release|x64.Build.0 = Release|x64
		{5D1388DF-6DF3-4FD5-9391-0336F468F308}.Release|x86.ActiveCfg = Release|Win32
		{5D1388DF-6DF3-4FD5-9391-0336F468F308}.Release|x86.Build.0 = Release|Win32
	EndGlobalSection
	GlobalSection(SolutionProperties) = preSolution
		HideSolutionNode = FALSE
	EndGlobalSection
	GlobalSection(ExtensibilityGlobals) = postSolution
		SolutionGuid = {A9CE5196-355B-4D98-B830-88CF98723FF8}
	EndGlobalSection
EndGlobal
